{
  "name": "@websocketpie/client",
  "version": "1.1.4",
  "lockfileVersion": 2,
  "requires": true,
  "packages": {
    "": {
      "name": "@websocketpie/client",
      "version": "1.1.4",
      "license": "MIT",
      "dependencies": {
        "uuid": "^8.3.2"
      },
      "devDependencies": {
        "@types/uuid": "^9.0.7",
        "typescript": "^5.2.2"
      }
    },
    "node_modules/@types/uuid": {
      "version": "9.0.7",
      "resolved": "https://registry.npmjs.org/@types/uuid/-/uuid-9.0.7.tgz",
      "integrity": "sha512-WUtIVRUZ9i5dYXefDEAI7sh9/O7jGvHg7Df/5O/gtH3Yabe5odI3UWopVR1qbPXQtvOxWu3mM4XxlYeZtMWF4g==",
      "dev": true
    },
    "node_modules/typescript": {
      "version": "5.2.2",
      "resolved": "https://registry.npmjs.org/typescript/-/typescript-5.2.2.tgz",
      "integrity": "sha512-mI4WrpHsbCIcwT9cF4FZvr80QUeKvsUsUvKDoR+X/7XHQH98xYD8YHZg7ANtz2GtZt/CBq2QJ0thkGJMHfqc1w==",
      "dev": true,
      "bin": {
        "tsc": "bin/tsc",
        "tsserver": "bin/tsserver"
      },
      "engines": {
        "node": ">=14.17"
      }
    },
    "node_modules/uuid": {
      "version": "8.3.2",
      "resolved": "https://registry.npmjs.org/uuid/-/uuid-8.3.2.tgz",
      "integrity": "sha512-+NYs2QeMWy+GWFOEm9xnn6HCDp0l7QBD7ml8zLUmJ+93Q5NF0NocErnwkTkXVFNiX3/fpC6afS8Dhb/gz7R7eg==",
      "bin": {
        "uuid": "dist/bin/uuid"
      }
    }
  },
  "dependencies": {
    "@types/uuid": {
      "version": "9.0.7",
      "resolved": "https://registry.npmjs.org/@types/uuid/-/uuid-9.0.7.tgz",
      "integrity": "sha512-WUtIVRUZ9i5dYXefDEAI7sh9/O7jGvHg7Df/5O/gtH3Yabe5odI3UWopVR1qbPXQtvOxWu3mM4XxlYeZtMWF4g==",
      "dev": true
    },
    "typescript": {
      "version": "5.2.2",
      "resolved": "https://registry.npmjs.org/typescript/-/typescript-5.2.2.tgz",
      "integrity": "sha512-mI4WrpHsbCIcwT9cF4FZvr80QUeKvsUsUvKDoR+X/7XHQH98xYD8YHZg7ANtz2GtZt/CBq2QJ0thkGJMHfqc1w==",
      "dev": true
    },
    "uuid": {
      "version": "8.3.2",
      "resolved": "https://registry.npmjs.org/uuid/-/uuid-8.3.2.tgz",
      "integrity": "sha512-+NYs2QeMWy+GWFOEm9xnn6HCDp0l7QBD7ml8zLUmJ+93Q5NF0NocErnwkTkXVFNiX3/fpC6afS8Dhb/gz7R7eg=="
    }
  }
}
